
Microsoft Visual Studio Solution File, Format Version 12.00
# Visual Studio Version 16
VisualStudioVersion = 25.0.1706.12
MinimumVisualStudioVersion = 10.0.40219.1
Project("{FAE04EC0-301F-11D3-BF4B-00C04F79EFBC}") = "Homework 4", "Homework 4.csproj", "{B116AA47-8D39-4776-B8A0-B077C5B28489}"
EndProject
Global
	GlobalSection(SolutionConfigurationPlatforms) = preSolution
		Debug|Any CPU = Debug|Any CPU
		Release|Any CPU = Release|Any CPU
	EndGlobalSection
	GlobalSection(ProjectConfigurationPlatforms) = postSolution
		{B116AA47-8D39-4776-B8A0-B077C5B28489}.Debug|Any CPU.ActiveCfg = Debug|Any CPU
		{B116AA47-8D39-4776-B8A0-B077C5B28489}.Debug|Any CPU.Build.0 = Debug|Any CPU
		{B116AA47-8D39-4776-B8A0-B077C5B28489}.Release|Any CPU.ActiveCfg = Release|Any CPU
		{B116AA47-8D39-4776-B8A0-B077C5B28489}.Release|Any CPU.Build.0 = Release|Any CPU
	EndGlobalSection
	GlobalSection(SolutionProperties) = preSolution
		HideSolutionNode = FALSE
	EndGlobalSection
	GlobalSection(ExtensibilityGlobals) = postSolution
		SolutionGuid = {ADA626ED-8CAD-4CCA-9501-99820D82D885}
	EndGlobalSection
EndGlobal
